# THIS IS AN AUTOGENERATED FILE. DO NOT EDIT THIS FILE DIRECTLY.
# yarn lockfile v1


"@abp/aspnetcore.mvc.ui.theme.shared@~10.1.1":
  version "10.1.1"
  resolved "https://registry.npmjs.org/@abp/aspnetcore.mvc.ui.theme.shared/-/aspnetcore.mvc.ui.theme.shared-10.1.1.tgz"
  integrity sha512-HxiUjn5Im8F1WLhageNC9i0Y3oKeMZEWBt6qU8ZodpNpIRm9RPVQozgdHT08/MEfLGBi7dyQfTTOfG6vVu86HA==
  dependencies:
    "@abp/aspnetcore.mvc.ui" "~10.1.1"
    "@abp/bootstrap" "~10.1.1"
    "@abp/bootstrap-datepicker" "~10.1.1"
    "@abp/bootstrap-daterangepicker" "~10.1.1"
    "@abp/datatables.net-bs5" "~10.1.1"
    "@abp/font-awesome" "~10.1.1"
    "@abp/jquery-form" "~10.1.1"
    "@abp/jquery-validation-unobtrusive" "~10.1.1"
    "@abp/lodash" "~10.1.1"
    "@abp/luxon" "~10.1.1"
    "@abp/malihu-custom-scrollbar-plugin" "~10.1.1"
    "@abp/moment" "~10.1.1"
    "@abp/select2" "~10.1.1"
    "@abp/sweetalert2" "~10.1.1"
    "@abp/timeago" "~10.1.1"

"@abp/aspnetcore.mvc.ui@~10.1.1":
  version "10.1.1"
  resolved "https://registry.npmjs.org/@abp/aspnetcore.mvc.ui/-/aspnetcore.mvc.ui-10.1.1.tgz"
  integrity sha512-zWOFnT6oqAAeqiHVETqI+878y3JLS2U6zQae6Ou5SyAPsN6qasllpbO3uvFsATfWBsnl/c2E56J45FIM7Rt1+A==
  dependencies:
    ansi-colors "^4.1.3"

"@abp/bootstrap-datepicker@~10.1.1":
  version "10.1.1"
  resolved "https://registry.npmjs.org/@abp/bootstrap-datepicker/-/bootstrap-datepicker-10.1.1.tgz"
  integrity sha512-Upa+xTGanNXpB4wxYKlaWko0bDoLQ+Lby5/Bfu68DG04WXsPtOj1I/UcIm/ssBwH8IdljSs6AUQWnF+THXCjEg==
  dependencies:
    bootstrap-datepicker "^1.10.1"

"@abp/bootstrap-daterangepicker@~10.1.1":
  version "10.1.1"
  resolved "https://registry.npmjs.org/@abp/bootstrap-daterangepicker/-/bootstrap-daterangepicker-10.1.1.tgz"
  integrity sha512-sXboH3YaMqxhSSsE3bkkIfZnJ2OOvuQUfK4sQq5bDvLaB7N1fC5FgUbv/yM/zCbxejYP/D2KkUDjXSibzK3XHA==
  dependencies:
    bootstrap-daterangepicker "^3.1.0"

"@abp/bootstrap@~10.1.1":
  version "10.1.1"
  resolved "https://registry.npmjs.org/@abp/bootstrap/-/bootstrap-10.1.1.tgz"
  integrity sha512-m6CW7QDbGCtCWUdkpMO9vJeUGvwYTK15cKMgRLeCZ9A9enoW7JVPJm5SxRvw2G8FuzXY38ASTMylZyk4olfHOw==
  dependencies:
    "@abp/core" "~10.1.1"
    bootstrap "^5.3.8"

"@abp/core@~10.1.1":
  version "10.1.1"
  resolved "https://registry.npmjs.org/@abp/core/-/core-10.1.1.tgz"
  integrity sha512-fmFFjwD2lcTCbQHmj2q95m5nTrWWOkWHxaSjxBT8RSmc1/eRU2v6DQBzgbILUzYJWetTY4+JZ848Ujqk73CXsQ==
  dependencies:
    "@abp/utils" "~10.1.1"

"@abp/cropperjs@~10.1.1":
  version "10.1.1"
  resolved "https://registry.npmjs.org/@abp/cropperjs/-/cropperjs-10.1.1.tgz"
  integrity sha512-1ZU52gIR2uTp/KCXkj15EVJ6SMKF2UJawlxyjysEHlpvFptnzenteEqFLjsemJ9maF9vRhHtTHdGfbFXw3joRQ==
  dependencies:
    "@abp/core" "~10.1.1"
    cropperjs "^1.6.2"

"@abp/datatables.net-bs5@~10.1.1":
  version "10.1.1"
  resolved "https://registry.npmjs.org/@abp/datatables.net-bs5/-/datatables.net-bs5-10.1.1.tgz"
  integrity sha512-lyI/05cCDBDc/MvUVRvDi84SrLO7+8AAfeuKJffCSzkB0G3aj4xnuHv9VGsdFkznVgSgiXf9/uVKZFs0TZSQgw==
  dependencies:
    "@abp/datatables.net" "~10.1.1"
    datatables.net-bs5 "^2.3.4"

"@abp/datatables.net@~10.1.1":
  version "10.1.1"
  resolved "https://registry.npmjs.org/@abp/datatables.net/-/datatables.net-10.1.1.tgz"
  integrity sha512-17azfZ2Wt9AhtX5lDa850aDgigrGVgqV43tIeuo3gl4KyikMq9OzlP9GbbeKvLFcvE6NWgLKYY2lDzLM6C5bWQ==
  dependencies:
    "@abp/jquery" "~10.1.1"
    datatables.net "^2.3.4"

"@abp/font-awesome@~10.1.1":
  version "10.1.1"
  resolved "https://registry.npmjs.org/@abp/font-awesome/-/font-awesome-10.1.1.tgz"
  integrity sha512-6UMBxOAixokA/sTyGnoauCBbU7K+PWD0siYhumqKPDyrxJC6DpiUNHr1KnV0bvjkR4UVRafCy+pG8lRSWAMcIw==
  dependencies:
    "@abp/core" "~10.1.1"
    "@fortawesome/fontawesome-free" "^7.0.1"

"@abp/jquery-form@~10.1.1":
  version "10.1.1"
  resolved "https://registry.npmjs.org/@abp/jquery-form/-/jquery-form-10.1.1.tgz"
  integrity sha512-eHWtO1bewbwPCXcUVGyBQFVr7QEbhNaYHvBx1DDnNpqBOD6iReAkn9gjTXUhNpkfMKgmqk9FDMho9vqHCrEf0g==
  dependencies:
    "@abp/jquery" "~10.1.1"
    jquery-form "^4.3.0"

"@abp/jquery-validation-unobtrusive@~10.1.1":
  version "10.1.1"
  resolved "https://registry.npmjs.org/@abp/jquery-validation-unobtrusive/-/jquery-validation-unobtrusive-10.1.1.tgz"
  integrity sha512-TPYNLci2rgUGI2D/OS0QRP7uECsjRzuqQMC9z4COotyDVM9ImWzGx6y13CtZf0VBxm5w4kKjD66kkBMXJwUgNQ==
  dependencies:
    "@abp/jquery-validation" "~10.1.1"
    jquery-validation-unobtrusive "^4.0.0"

"@abp/jquery-validation@~10.1.1":
  version "10.1.1"
  resolved "https://registry.npmjs.org/@abp/jquery-validation/-/jquery-validation-10.1.1.tgz"
  integrity sha512-CkY/1AamHi23/ttZH1zcWbrBFpcgYKZeARVe3m2MS2Kl1Q0VsGSUeYtnc1LVpN/rlB4kmkG/PpCsdmt03kDpYA==
  dependencies:
    "@abp/jquery" "~10.1.1"
    jquery-validation "^1.21.0"

"@abp/jquery@~10.1.1":
  version "10.1.1"
  resolved "https://registry.npmjs.org/@abp/jquery/-/jquery-10.1.1.tgz"
  integrity sha512-Xk7zzi9IR7NZqLqPMxhP9rMP9wJmz9UVQEOi6SybQCsDmI0XX4LKxRcjZ0dB2mFADUNvmOLbu4MvrvLSrf8nzw==
  dependencies:
    "@abp/core" "~10.1.1"
    jquery "~3.7.1"

"@abp/lodash@~10.1.1":
  version "10.1.1"
  resolved "https://registry.npmjs.org/@abp/lodash/-/lodash-10.1.1.tgz"
  integrity sha512-mKIloGCP5YBA8gtiGJ/wWMsy0IseYU66YZxpv+aVXaRCnMCb6iZHQlstX4KbzQTtI8QK0ffq91+34omNyS53aQ==
  dependencies:
    "@abp/core" "~10.1.1"
    lodash "^4.17.21"

"@abp/luxon@~10.1.1":
  version "10.1.1"
  resolved "https://registry.npmjs.org/@abp/luxon/-/luxon-10.1.1.tgz"
  integrity sha512-mvCcf0dxXblt86H0uIQkFKxgW6t8NyEv7gsXQvcu/7jmlqdDzogbVdugPU9FcUpc1EGQVgpuqlBD3Jmab3K9yw==
  dependencies:
    "@abp/core" "~10.1.1"
    luxon "^3.7.2"

"@abp/malihu-custom-scrollbar-plugin@~10.1.1":
  version "10.1.1"
  resolved "https://registry.npmjs.org/@abp/malihu-custom-scrollbar-plugin/-/malihu-custom-scrollbar-plugin-10.1.1.tgz"
  integrity sha512-gnOixpLhEMN4Yp+YCj5MM44ORI75wL1I83nWCk7jSJ7aOqCHizFjebuk5uunTIn+Ta/VkmHXdrBy3Mml9GTIFg==
  dependencies:
    "@abp/core" "~10.1.1"
    malihu-custom-scrollbar-plugin "^3.1.5"

"@abp/moment@~10.1.1":
  version "10.1.1"
  resolved "https://registry.npmjs.org/@abp/moment/-/moment-10.1.1.tgz"
  integrity sha512-bFeShgtxagoo3h28LFIzM1CvopaxwdVpNzYsrHhkx0Z+zDZ6FRAn2T/IGAulpR4tqmD2SqHLEsom5Ooz0n5I9Q==
  dependencies:
    moment "^2.30.1"

"@abp/qrcode@~10.1.1":
  version "10.1.1"
  resolved "https://registry.npmjs.org/@abp/qrcode/-/qrcode-10.1.1.tgz"
  integrity sha512-a0VmVO+/qZ3BIn/jB4U8sMTgu0vymjE4tZu2wA94Xyp6mjDB+vZXNV0ETrvk9W/1TuRsdkZE/wu1Und5KOMlCA==
  dependencies:
    "@abp/core" "~10.1.1"

"@abp/select2@~10.1.1":
  version "10.1.1"
  resolved "https://registry.npmjs.org/@abp/select2/-/select2-10.1.1.tgz"
  integrity sha512-SUJ3mZLSmaLwAReiQzUKtWP+QuZy3e8QZuVv7rEz0ce9vqA6yLls6uN8r/zCMnAkeOgLksUDSOfV8s7XEjwuiw==
  dependencies:
    "@abp/core" "~10.1.1"
    select2 "^4.0.13"

"@abp/sweetalert2@~10.1.1":
  version "10.1.1"
  resolved "https://registry.npmjs.org/@abp/sweetalert2/-/sweetalert2-10.1.1.tgz"
  integrity sha512-FqUVpBmPp3NxATpH+TLCLJfrOZ405LOLijLJvebtmwOC3YZ16dwPt1MP0vb49v5UKkpVfhNU8q4EwgTabFhwaw==
  dependencies:
    "@abp/core" "~10.1.1"
    sweetalert2 "^11.23.0"

"@abp/timeago@~10.1.1":
  version "10.1.1"
  resolved "https://registry.npmjs.org/@abp/timeago/-/timeago-10.1.1.tgz"
  integrity sha512-vFnEiCKxo4Bgo4mPdZLUBzyeY80QHjU7GQThw5wcicAmCEAiwj8yv35i8RXsTNcpy5J2xs355L+8BXkloKvREQ==
  dependencies:
    "@abp/jquery" "~10.1.1"
    timeago "^1.6.7"

"@abp/uppy@~10.1.1":
  version "10.1.1"
  resolved "https://registry.npmjs.org/@abp/uppy/-/uppy-10.1.1.tgz"
  integrity sha512-SF5W7ynZUEJ8p6968eBm1LlKRwpKYfzro0/D1BlqCOikuO/BjuQXuX2ex9T63KdIHWaFNLKQJRjUPYmKKlNL+w==
  dependencies:
    "@abp/core" "~10.1.1"
    uppy "^5.1.2"

"@abp/utils@~10.1.1":
  version "10.1.1"
  resolved "https://registry.npmjs.org/@abp/utils/-/utils-10.1.1.tgz"
  integrity sha512-0WeLp9tmlAS+6CtqjtKDt/aeEOChB3NP/A4WtydP6IuBH61SGTOeP9APTf5AkLn4OZI7VigwjzSsy5uJRjOTYA==
  dependencies:
    just-compare "^2.3.0"

"@abp/zxcvbn@~10.1.1":
  version "10.1.1"
  resolved "https://registry.npmjs.org/@abp/zxcvbn/-/zxcvbn-10.1.1.tgz"
  integrity sha512-23ucPbFKtjK2SsJk9j4ib916jWpgtjGRB8iB5ExYrHhIqKNEDqIvUo+rrcIQZShQBanqIhiUtpq8WPgVHFt+Lw==
  dependencies:
    "@abp/core" "~10.1.1"
    zxcvbn "^4.4.2"

"@fortawesome/fontawesome-free@^7.0.1":
  version "7.2.0"
  resolved "https://registry.npmjs.org/@fortawesome/fontawesome-free/-/fontawesome-free-7.2.0.tgz"
  integrity sha512-3DguDv/oUE+7vjMeTSOjCSG+KeawgVQOHrKRnvUuqYh1mfArrh7s+s8hXW3e4RerBA1+Wh+hBqf8sJNpqNrBWg==

"@transloadit/prettier-bytes@^0.3.4":
  version "0.3.5"
  resolved "https://registry.npmjs.org/@transloadit/prettier-bytes/-/prettier-bytes-0.3.5.tgz"
  integrity sha512-xF4A3d/ZyX2LJWeQZREZQw+qFX4TGQ8bGVP97OLRt6sPO6T0TNHBFTuRHOJh7RNmYOBmQ9MHxpolD9bXihpuVA==

"@transloadit/types@^4.1.3":
  version "4.3.0"
  resolved "https://registry.npmjs.org/@transloadit/types/-/types-4.3.0.tgz"
  integrity sha512-kWuHGp4YhWe0upPDIsoMd6LF6UPOgfelOxN0OzDrztILqRqBPShJqe47Dp7InokVTZIwl9J1t32RAPb9oq4iWw==

"@types/retry@0.12.2":
  version "0.12.2"
  resolved "https://registry.npmjs.org/@types/retry/-/retry-0.12.2.tgz"
  integrity sha512-XISRgDJ2Tc5q4TRqvgJtzsRkFYNJzZrhTdtMoGVBttwzzQJkPnS3WWTFc7kuDRoPtPakl+T+OfdEUjYJj7Jbow==

"@uppy/audio@3.1.0":
  version "3.1.0"
  resolved "https://registry.npmjs.org/@uppy/audio/-/audio-3.1.0.tgz"
  integrity sha512-149eswgMyLA9zQzIvgDzwtA0O2cWV6UUR1ke4vNDyKC8/9Litg1m8iXjri5bmWVVjaAgNpADmucKPt3vL8a/jg==
  dependencies:
    "@uppy/utils" "^7.1.4"
    preact "^10.5.13"

"@uppy/aws-s3@5.1.0":
  version "5.1.0"
  resolved "https://registry.npmjs.org/@uppy/aws-s3/-/aws-s3-5.1.0.tgz"
  integrity sha512-UBz+shrtDbnOf11AboDrkc9Fq2Cdf8HbFftE+gqfxig6fkv5rHpHhBCLkl8wCGAq+X/CxdqvvNhm/OM23Uzw2w==
  dependencies:
    "@uppy/companion-client" "^5.1.1"
    "@uppy/utils" "^7.1.4"

"@uppy/box@4.1.0", "@uppy/box@^4.1.0":
  version "4.1.0"
  resolved "https://registry.npmjs.org/@uppy/box/-/box-4.1.0.tgz"
  integrity sha512-pWYNBobB1QoaBaKJYTZMB2/asGkJirx+YJa6C0s5/GfgsA2kdVKnMpbzC+Kon6Ss6zBW5Cjj+1J+9rRSkih9GQ==
  dependencies:
    "@uppy/companion-client" "^5.1.1"
    "@uppy/provider-views" "^5.2.0"
    "@uppy/utils" "^7.1.4"
    preact "^10.5.13"

"@uppy/companion-client@5.1.1", "@uppy/companion-client@^5.1.1":
  version "5.1.1"
  resolved "https://registry.npmjs.org/@uppy/companion-client/-/companion-client-5.1.1.tgz"
  integrity sha512-DzrOWTbIZHvtgAFXBMYHk2wD27NjpBSVhY2tEiEIUhPd2CxbFRZjHM/N3HOt3VwZEAP471QWFLlJRWPcIY3A2Q==
  dependencies:
    "@uppy/utils" "^7.1.1"
    namespace-emitter "^2.0.1"
    p-retry "^6.1.0"

"@uppy/compressor@3.1.0":
  version "3.1.0"
  resolved "https://registry.npmjs.org/@uppy/compressor/-/compressor-3.1.0.tgz"
  integrity sha512-EPCU1j/hvey05/ePPzuqaF7p4fORsc3PNvRGDXrT5fiZv0FCAufY5GZf4OUAiKNHkL59wwxAgMySOTJq7WBZtA==
  dependencies:
    "@transloadit/prettier-bytes" "^0.3.4"
    "@uppy/utils" "^7.1.4"
    compressorjs "^1.2.1"
    preact "^10.5.13"
    promise-queue "^2.2.5"

"@uppy/core@5.2.0":
  version "5.2.0"
  resolved "https://registry.npmjs.org/@uppy/core/-/core-5.2.0.tgz"
  integrity sha512-uvfNyz4cnaplt7LYJmEZHuqOuav0tKp4a9WKJIaH6iIj7XiqYvS2J5SEByexAlUFlzefOAyjzj4Ja2dd/8aMrw==
  dependencies:
    "@transloadit/prettier-bytes" "^0.3.4"
    "@uppy/store-default" "^5.0.0"
    "@uppy/utils" "^7.1.4"
    lodash "^4.17.21"
    mime-match "^1.0.2"
    namespace-emitter "^2.0.1"
    nanoid "^5.0.9"
    preact "^10.5.13"

"@uppy/dashboard@5.1.1", "@uppy/dashboard@^5.1.0":
  version "5.1.1"
  resolved "https://registry.npmjs.org/@uppy/dashboard/-/dashboard-5.1.1.tgz"
  integrity sha512-6H/xVvhhdfwp1+FRMp2C+tudyaedqD5+LMDB8Iw20k9+QCL1eGzOh4wXm6MCqJtNfQ1tLaprGMG1jlo7yS/uyw==
  dependencies:
    "@transloadit/prettier-bytes" "^0.3.4"
    "@uppy/provider-views" "^5.2.2"
    "@uppy/thumbnail-generator" "^5.1.0"
    "@uppy/utils" "^7.1.5"
    classnames "^2.2.6"
    lodash "^4.17.23"
    nanoid "^5.0.9"
    preact "^10.26.10"
    shallow-equal "^3.0.0"

"@uppy/drag-drop@5.1.0":
  version "5.1.0"
  resolved "https://registry.npmjs.org/@uppy/drag-drop/-/drag-drop-5.1.0.tgz"
  integrity sha512-P36E6bBc/U8wxooV9IerPpEbrl8i2N3P+twmm5nPywcKHfjS7BtyHUEs2JmWgyRRibI75c2Ge5wWchKtQclEvw==
  dependencies:
    "@uppy/utils" "^7.1.4"
    preact "^10.5.13"

"@uppy/drop-target@4.1.0":
  version "4.1.0"
  resolved "https://registry.npmjs.org/@uppy/drop-target/-/drop-target-4.1.0.tgz"
  integrity sha512-QPOwlOfYlf4gOzdj75Mx0YxM0d6Jv1ui2aCERse1pwtIeQGQ0QPe5lmTi0o3p8dTnqACUmoM6SJOpAHQozCSkA==
  dependencies:
    "@uppy/utils" "^7.1.4"

"@uppy/dropbox@5.1.0", "@uppy/dropbox@^5.1.0":
  version "5.1.0"
  resolved "https://registry.npmjs.org/@uppy/dropbox/-/dropbox-5.1.0.tgz"
  integrity sha512-cCSgMIiBEmO3n7mcKMU/UmAYzUxrfKxe8KXMeIl1OPDdOjXWDtcXf08Qs46Nog8FA+4zrDheqaA+FeSzhfnE/Q==
  dependencies:
    "@uppy/companion-client" "^5.1.1"
    "@uppy/provider-views" "^5.2.0"
    "@uppy/utils" "^7.1.4"
    preact "^10.5.13"

"@uppy/facebook@5.1.0", "@uppy/facebook@^5.1.0":
  version "5.1.0"
  resolved "https://registry.npmjs.org/@uppy/facebook/-/facebook-5.1.0.tgz"
  integrity sha512-beYH0VInYNLpQ3knhCbS6IJAZGGvtZnLstT8Dfj3rWtGHhTa6clNSqfdGripgBzryLC4bXxkI2y7QonY8+h3gA==
  dependencies:
    "@uppy/companion-client" "^5.1.1"
    "@uppy/provider-views" "^5.2.0"
    "@uppy/utils" "^7.1.4"
    preact "^10.5.13"

"@uppy/form@5.1.0":
  version "5.1.0"
  resolved "https://registry.npmjs.org/@uppy/form/-/form-5.1.0.tgz"
  integrity sha512-wu04XyTeWY8vPf5ERe41hp6wdTWQcM/YczQkqFhuQtj0IEAItqZxt89DcbAT8GkXmwyLjbIe0AeXo/Vz10oUpA==
  dependencies:
    "@uppy/utils" "^7.1.4"
    get-form-data "^3.0.0"

"@uppy/golden-retriever@5.2.1":
  version "5.2.1"
  resolved "https://registry.npmjs.org/@uppy/golden-retriever/-/golden-retriever-5.2.1.tgz"
  integrity sha512-R+Lzesfmgu35ViSOxqYxwOVo4ylkIS9xP2ClnhD8k2VTbqdc6RRimaPRqxxI3Vf42qWiRBm4WaG3uHls+wOCqQ==
  dependencies:
    "@uppy/utils" "^7.1.5"
    lodash "^4.17.21"

"@uppy/google-drive-picker@1.1.1":
  version "1.1.1"
  resolved "https://registry.npmjs.org/@uppy/google-drive-picker/-/google-drive-picker-1.1.1.tgz"
  integrity sha512-vPt8c4bcKsrtBZbbWOG73ac9xH2PMBOGt45jy+9vxV/YhXKYVimC0VzgzLSzD7Z4d2KosIod39mveGpFRBMTvQ==
  dependencies:
    "@uppy/companion-client" "^5.1.1"
    "@uppy/provider-views" "^5.2.2"
    "@uppy/utils" "^7.1.5"
    preact "^10.5.13"

"@uppy/google-drive@5.1.0", "@uppy/google-drive@^5.1.0":
  version "5.1.0"
  resolved "https://registry.npmjs.org/@uppy/google-drive/-/google-drive-5.1.0.tgz"
  integrity sha512-avspyvCfQgpSvry8xXRIazUv9RhwyubSeDsg9BQaNR1BRFSw5PWVuoX7tIUyoDYtzA8TsxcYvqJuSm4HZYkQcA==
  dependencies:
    "@uppy/companion-client" "^5.1.1"
    "@uppy/provider-views" "^5.2.0"
    "@uppy/utils" "^7.1.4"
    preact "^10.5.13"

"@uppy/google-photos-picker@1.1.0":
  version "1.1.0"
  resolved "https://registry.npmjs.org/@uppy/google-photos-picker/-/google-photos-picker-1.1.0.tgz"
  integrity sha512-H7xzxzapivRaoot88fZitkBtq7a70EdTo+4RwkHvsQ/1dRmIAhS24X4lOTONORckjP9Tvr+4FHu+1oaLh1i9kQ==
  dependencies:
    "@uppy/companion-client" "^5.1.1"
    "@uppy/provider-views" "^5.2.0"
    "@uppy/utils" "^7.1.4"
    preact "^10.5.13"

"@uppy/image-editor@4.2.0":
  version "4.2.0"
  resolved "https://registry.npmjs.org/@uppy/image-editor/-/image-editor-4.2.0.tgz"
  integrity sha512-7Mn40hQMEwy9lufXYfNhSDuY24LUUSSmumXEoivGgUnXsNgcmppyzVjY94/Q6S6yX7Bg3L/sMvayjPXhYwt64A==
  dependencies:
    "@uppy/utils" "^7.1.5"
    cropperjs "^1.6.2"
    preact "^10.26.10"

"@uppy/image-generator@1.0.0":
  version "1.0.0"
  resolved "https://registry.npmjs.org/@uppy/image-generator/-/image-generator-1.0.0.tgz"
  integrity sha512-Fz63Jm8EvEdKsoIO/EcYkQTmY1sVEkzkh7pOVjPIB/EpzXY4xiz7/J4x8hH0whp8wZw8DR7PLPtMqhzNhCKYfw==
  dependencies:
    "@uppy/provider-views" "^5.2.1"
    "@uppy/transloadit" "^5.4.0"
    "@uppy/utils" "^7.1.4"
    preact "^10.5.13"

"@uppy/instagram@5.1.0", "@uppy/instagram@^5.1.0":
  version "5.1.0"
  resolved "https://registry.npmjs.org/@uppy/instagram/-/instagram-5.1.0.tgz"
  integrity sha512-FtAA/24zAI/NKut43l1GTrDyUbeXl4+gWDAWNxSc9iVh1VgwILH3n2HMKE5UuVKb3Um27JYfuHVvc0N4pMM1BA==
  dependencies:
    "@uppy/companion-client" "^5.1.1"
    "@uppy/provider-views" "^5.2.0"
    "@uppy/utils" "^7.1.4"
    preact "^10.5.13"

"@uppy/locales@5.1.1":
  version "5.1.1"
  resolved "https://registry.npmjs.org/@uppy/locales/-/locales-5.1.1.tgz"
  integrity sha512-zSbDU27JzfdssRJoa5/xmGOsrEtS+2Z9j41weaoCa/NoK4wqZzkFNQ0Z44etbTg3PDVFakZVDu/Z+c+vsJCfdQ==
  dependencies:
    "@uppy/utils" "^7.1.5"

"@uppy/onedrive@5.1.0", "@uppy/onedrive@^5.1.0":
  version "5.1.0"
  resolved "https://registry.npmjs.org/@uppy/onedrive/-/onedrive-5.1.0.tgz"
  integrity sha512-FWAYesLNl6RDu+Lt+8PBvvXAqlTEmzZrbNmcIrDWaZGCA4iyXvH8suOpdn9VYFpV3JJEI3xwpvu8Lr9vrsGg5g==
  dependencies:
    "@uppy/companion-client" "^5.1.1"
    "@uppy/provider-views" "^5.2.0"
    "@uppy/utils" "^7.1.4"
    preact "^10.5.13"

"@uppy/provider-views@5.2.2", "@uppy/provider-views@^5.2.0", "@uppy/provider-views@^5.2.1", "@uppy/provider-views@^5.2.2":
  version "5.2.2"
  resolved "https://registry.npmjs.org/@uppy/provider-views/-/provider-views-5.2.2.tgz"
  integrity sha512-NAazIJ5sjrAc6++CeJ/u9dB5gDaaAOLHrYeEmWs/HqLlftlIinRZOybnyzJRXwI8jWI/FK5moluzt2HXu6dPQQ==
  dependencies:
    "@uppy/utils" "^7.1.5"
    classnames "^2.2.6"
    lodash "^4.17.21"
    nanoid "^5.0.9"
    p-queue "^8.0.0"
    preact "^10.5.13"

"@uppy/remote-sources@3.1.0":
  version "3.1.0"
  resolved "https://registry.npmjs.org/@uppy/remote-sources/-/remote-sources-3.1.0.tgz"
  integrity sha512-TG1jSQVVQVie7eIxxgLxTDVlX4ujdv4qA7w+FyaUvpleBHylT73EpyNguc097UhNZ5Ez4FKtqbjbvNn7zuJTxw==
  dependencies:
    "@uppy/box" "^4.1.0"
    "@uppy/dashboard" "^5.1.0"
    "@uppy/dropbox" "^5.1.0"
    "@uppy/facebook" "^5.1.0"
    "@uppy/google-drive" "^5.1.0"
    "@uppy/instagram" "^5.1.0"
    "@uppy/onedrive" "^5.1.0"
    "@uppy/unsplash" "^5.1.0"
    "@uppy/url" "^5.1.0"
    "@uppy/zoom" "^4.1.0"

"@uppy/screen-capture@5.1.0":
  version "5.1.0"
  resolved "https://registry.npmjs.org/@uppy/screen-capture/-/screen-capture-5.1.0.tgz"
  integrity sha512-+/AAU6Uxmup+Pzuy8/8S1ZttDAcMLnQleapxQLVpzSeddFCCeM+t6CfQ5tL/huSolz0o4v5rZWNaoUm+m5+wUw==
  dependencies:
    "@uppy/utils" "^7.1.4"
    preact "^10.5.13"

"@uppy/status-bar@5.1.0":
  version "5.1.0"
  resolved "https://registry.npmjs.org/@uppy/status-bar/-/status-bar-5.1.0.tgz"
  integrity sha512-0rq+t/i++bbWdgXF6VfsLRF49mxtdf8PIZ62rmRbK+X3HvZdCA4RVWeZlMk+hfAP9th9g9a1rn5lkhAImr/XgQ==
  dependencies:
    "@transloadit/prettier-bytes" "^0.3.4"
    "@uppy/utils" "^7.1.4"
    classnames "^2.2.6"
    preact "^10.5.13"

"@uppy/store-default@5.0.0", "@uppy/store-default@^5.0.0":
  version "5.0.0"
  resolved "https://registry.npmjs.org/@uppy/store-default/-/store-default-5.0.0.tgz"
  integrity sha512-hQtCSQ1yGiaval/wVYUWquYGDJ+bpQ7e4FhUUAsRQz1x1K+o7NBtjfp63O9I4Ks1WRoKunpkarZ+as09l02cPw==

"@uppy/thumbnail-generator@5.1.0", "@uppy/thumbnail-generator@^5.1.0":
  version "5.1.0"
  resolved "https://registry.npmjs.org/@uppy/thumbnail-generator/-/thumbnail-generator-5.1.0.tgz"
  integrity sha512-QAKJHHkMrD/30GOyUb5U9HyJ7Ie3jiMLp4pVdw27PoA4pNV7fDQz0tyDeRPj2H+BWPEB1NsTSSfHI2pjHNI+OQ==
  dependencies:
    "@uppy/utils" "^7.1.4"
    exifr "^7.0.0"

"@uppy/transloadit@5.5.0", "@uppy/transloadit@^5.4.0":
  version "5.5.0"
  resolved "https://registry.npmjs.org/@uppy/transloadit/-/transloadit-5.5.0.tgz"
  integrity sha512-OOd88mNKS2FLx/8AvoAzECArN4txjeU8wafF8Mlv5NRcYWXT2mo4tyaGpi6osjKAFYPIMa7pWCxmOjiR+6PPDA==
  dependencies:
    "@transloadit/types" "^4.1.3"
    "@uppy/tus" "^5.1.1"
    "@uppy/utils" "^7.1.5"
    component-emitter "^2.0.0"

"@uppy/tus@5.1.1", "@uppy/tus@^5.1.1":
  version "5.1.1"
  resolved "https://registry.npmjs.org/@uppy/tus/-/tus-5.1.1.tgz"
  integrity sha512-316kLQfO5H/uUJIMhBYhBrTpeN0Q+d6ykW3pomCvdTkFGCvg20rF3oH/owE3lf2UZZN7ZqBk+wHO0WlQePoklg==
  dependencies:
    "@uppy/companion-client" "^5.1.1"
    "@uppy/utils" "^7.1.5"
    tus-js-client "^4.2.3"

"@uppy/unsplash@5.1.0", "@uppy/unsplash@^5.1.0":
  version "5.1.0"
  resolved "https://registry.npmjs.org/@uppy/unsplash/-/unsplash-5.1.0.tgz"
  integrity sha512-LGWTY54DTWxmQSet0EghRG/MoOabPoCUf1gCyxL9MXhSN+TfjFbQuVVUHqtnVN3shFAZSUv7bVTQlLrrM9hkzg==
  dependencies:
    "@uppy/companion-client" "^5.1.1"
    "@uppy/provider-views" "^5.2.0"
    "@uppy/utils" "^7.1.4"
    preact "^10.5.13"

"@uppy/url@5.1.0", "@uppy/url@^5.1.0":
  version "5.1.0"
  resolved "https://registry.npmjs.org/@uppy/url/-/url-5.1.0.tgz"
  integrity sha512-MAzSboTDjU7tMP/8AvgDHt+UixxsajI/QWZ6/6d43z6G01+Js8ZNth/j6HStjM5v4K6e3/521SxAaP2hoZk6IQ==
  dependencies:
    "@uppy/companion-client" "^5.1.1"
    "@uppy/utils" "^7.1.4"
    nanoid "^5.0.9"
    preact "^10.5.13"

"@uppy/utils@^7.1.1", "@uppy/utils@^7.1.4", "@uppy/utils@^7.1.5":
  version "7.1.5"
  resolved "https://registry.npmjs.org/@uppy/utils/-/utils-7.1.5.tgz"
  integrity sha512-Vz4WGTjef6WebECGur4clWjpkET4o3bdvPMj1m2sD5cL+dTt69m+FIE5h5JD3HBMLEPTXPVkrXGMIFcbOYC12Q==
  dependencies:
    lodash "^4.17.21"
    preact "^10.5.13"

"@uppy/webcam@5.1.0":
  version "5.1.0"
  resolved "https://registry.npmjs.org/@uppy/webcam/-/webcam-5.1.0.tgz"
  integrity sha512-SHI+yiNrD4JrTFhQPyt7Mi9nL5r5YDwyXtYXuSRM3URB0etKes6u02MKY5GEn2LEpCSqSceXUi84Prig7UWYIw==
  dependencies:
    "@uppy/utils" "^7.1.4"
    is-mobile "^4.0.0"
    preact "^10.5.13"

"@uppy/webdav@1.1.1":
  version "1.1.1"
  resolved "https://registry.npmjs.org/@uppy/webdav/-/webdav-1.1.1.tgz"
  integrity sha512-QEtjLjNo5XH16aww0rX2rRNF1eboqtqfnNkRH28+jJe1gt2PH7ZcPkCw3ROFzyxzbQPC9ABo7kvWAEKL3dH72g==
  dependencies:
    "@uppy/companion-client" "^5.1.1"
    "@uppy/provider-views" "^5.2.1"
    "@uppy/utils" "^7.1.4"
    preact "^10.5.13"

"@uppy/xhr-upload@5.1.1":
  version "5.1.1"
  resolved "https://registry.npmjs.org/@uppy/xhr-upload/-/xhr-upload-5.1.1.tgz"
  integrity sha512-Vp0HWVA8o+niC2uISxPt0pZ+95bHHkk9HzNaUTrff/vq+20Ln68BS2auJhc9ecJzI6SKAlGZ342dcTQ/onw0nA==
  dependencies:
    "@uppy/companion-client" "^5.1.1"
    "@uppy/utils" "^7.1.5"

"@uppy/zoom@4.1.0", "@uppy/zoom@^4.1.0":
  version "4.1.0"
  resolved "https://registry.npmjs.org/@uppy/zoom/-/zoom-4.1.0.tgz"
  integrity sha512-roW/Zz0n8WDxSIg5rOO2Kp0rapE2z/U4ZVQdRFYhM3MMMQV0YW6CiUWgWOU4jtsdvAqsNisdEmbPAgSRSZK3ug==
  dependencies:
    "@uppy/companion-client" "^5.1.1"
    "@uppy/provider-views" "^5.2.0"
    "@uppy/utils" "^7.1.4"
    preact "^10.5.13"

"@volo/abp.aspnetcore.mvc.ui.theme.commercial@~10.1.1":
  version "10.1.1"
  resolved "https://registry.npmjs.org/@volo/abp.aspnetcore.mvc.ui.theme.commercial/-/abp.aspnetcore.mvc.ui.theme.commercial-10.1.1.tgz"
  integrity sha512-8lvU+QJkXr5IgopHH7qGPFUFVh6FOIMQSx9Yec9+ZbhlmLcueskrjgXU3P6ZI1SBU26c40bXl0Kv7S+5euYdaA==
  dependencies:
    "@abp/aspnetcore.mvc.ui.theme.shared" "~10.1.1"

"@volo/abp.aspnetcore.mvc.ui.theme.leptonx@~5.1.1":
  version "5.1.1"
  resolved "https://registry.npmjs.org/@volo/abp.aspnetcore.mvc.ui.theme.leptonx/-/abp.aspnetcore.mvc.ui.theme.leptonx-5.1.1.tgz"
  integrity sha512-SP5drBLXplE7gRCT5rXZC4HsUCyQc9NWuGJkqwkL258NinRzEpDI71FZCoaQZQAzpzQffQu9169xuCMGeHxSgQ==
  dependencies:
    "@volo/abp.aspnetcore.mvc.ui.theme.commercial" "~10.1.1"

"@volo/account@~10.1.1":
  version "10.1.1"
  resolved "https://registry.npmjs.org/@volo/account/-/account-10.1.1.tgz"
  integrity sha512-okDQp26BDAtRuK9t/+GPZ8/Plz8wJ1OXclUHVCRKRi72q7OvqRNcQIIsZyaDJtXJRmIG6UHY86LhEIhsB/QWQw==
  dependencies:
    "@abp/cropperjs" "~10.1.1"
    "@abp/qrcode" "~10.1.1"
    "@abp/uppy" "~10.1.1"
    "@abp/zxcvbn" "~10.1.1"
    "@volo/abp.aspnetcore.mvc.ui.theme.commercial" "~10.1.1"

ansi-colors@^4.1.3:
  version "4.1.3"
  resolved "https://registry.npmjs.org/ansi-colors/-/ansi-colors-4.1.3.tgz"
  integrity sha512-/6w/C21Pm1A7aZitlI5Ni/2J6FFQN8i1Cvz3kHABAAbw93v/NlvKdVOqz7CCWz/3iv/JplRSEEZ83XION15ovw==

blueimp-canvas-to-blob@^3.29.0:
  version "3.29.0"
  resolved "https://registry.npmjs.org/blueimp-canvas-to-blob/-/blueimp-canvas-to-blob-3.29.0.tgz"
  integrity sha512-0pcSSGxC0QxT+yVkivxIqW0Y4VlO2XSDPofBAqoJ1qJxgH9eiUDLv50Rixij2cDuEfx4M6DpD9UGZpRhT5Q8qg==

bootstrap-datepicker@^1.10.1:
  version "1.10.1"
  resolved "https://registry.npmjs.org/bootstrap-datepicker/-/bootstrap-datepicker-1.10.1.tgz"
  integrity sha512-GIe+fsLp9Hi30oW7L2v2Q9/a4+aojrIA2p4ZagtLuKw2lpfQgjJjM0L6vl/lYQydGXWUbpoKbEC/O5tzWIkEKQ==
  dependencies:
    jquery ">=3.4.0 <4.0.0"

bootstrap-daterangepicker@^3.1.0:
  version "3.1.0"
  resolved "https://registry.npmjs.org/bootstrap-daterangepicker/-/bootstrap-daterangepicker-3.1.0.tgz"
  integrity sha512-oaQZx6ZBDo/dZNyXGVi2rx5GmFXThyQLAxdtIqjtLlYVaQUfQALl5JZMJJZzyDIX7blfy4ppZPAJ10g8Ma4d/g==
  dependencies:
    jquery ">=1.10"
    moment "^2.9.0"

bootstrap@^5.3.8:
  version "5.3.8"
  resolved "https://registry.npmjs.org/bootstrap/-/bootstrap-5.3.8.tgz"
  integrity sha512-HP1SZDqaLDPwsNiqRqi5NcP0SSXciX2s9E+RyqJIIqGo+vJeN5AJVM98CXmW/Wux0nQ5L7jeWUdplCEf0Ee+tg==

buffer-from@^1.1.2:
  version "1.1.2"
  resolved "https://registry.npmjs.org/buffer-from/-/buffer-from-1.1.2.tgz"
  integrity sha512-E+XQCRwSbaaiChtv6k6Dwgc+bx+Bs6vuKJHHl5kox/BaKbhiXzqQOwK4cO22yElGp2OCmjwVhT3HmxgyPGnJfQ==

classnames@^2.2.6:
  version "2.5.1"
  resolved "https://registry.npmjs.org/classnames/-/classnames-2.5.1.tgz"
  integrity sha512-saHYOzhIQs6wy2sVxTM6bUDsQO4F50V9RQ22qBpEdCW+I+/Wmke2HOl6lS6dTpdxVhb88/I6+Hs+438c3lfUow==

combine-errors@^3.0.3:
  version "3.0.3"
  resolved "https://registry.npmjs.org/combine-errors/-/combine-errors-3.0.3.tgz"
  integrity sha512-C8ikRNRMygCwaTx+Ek3Yr+OuZzgZjduCOfSQBjbM8V3MfgcjSTeto/GXP6PAwKvJz/v15b7GHZvx5rOlczFw/Q==
  dependencies:
    custom-error-instance "2.1.1"
    lodash.uniqby "4.5.0"

component-emitter@^2.0.0:
  version "2.0.0"
  resolved "https://registry.npmjs.org/component-emitter/-/component-emitter-2.0.0.tgz"
  integrity sha512-4m5s3Me2xxlVKG9PkZpQqHQR7bgpnN7joDMJ4yvVkVXngjoITG76IaZmzmywSeRTeTpc6N6r3H3+KyUurV8OYw==

compressorjs@^1.2.1:
  version "1.2.1"
  resolved "https://registry.npmjs.org/compressorjs/-/compressorjs-1.2.1.tgz"
  integrity sha512-+geIjeRnPhQ+LLvvA7wxBQE5ddeLU7pJ3FsKFWirDw6veY3s9iLxAQEw7lXGHnhCJvBujEQWuNnGzZcvCvdkLQ==
  dependencies:
    blueimp-canvas-to-blob "^3.29.0"
    is-blob "^2.1.0"

cropperjs@^1.6.2:
  version "1.6.2"
  resolved "https://registry.npmjs.org/cropperjs/-/cropperjs-1.6.2.tgz"
  integrity sha512-nhymn9GdnV3CqiEHJVai54TULFAE3VshJTXSqSJKa8yXAKyBKDWdhHarnlIPrshJ0WMFTGuFvG02YjLXfPiuOA==

custom-error-instance@2.1.1:
  version "2.1.1"
  resolved "https://registry.npmjs.org/custom-error-instance/-/custom-error-instance-2.1.1.tgz"
  integrity sha512-p6JFxJc3M4OTD2li2qaHkDCw9SfMw82Ldr6OC9Je1aXiGfhx2W8p3GaoeaGrPJTUN9NirTM/KTxHWMUdR1rsUg==

datatables.net-bs5@^2.3.4:
  version "2.3.7"
  resolved "https://registry.npmjs.org/datatables.net-bs5/-/datatables.net-bs5-2.3.7.tgz"
  integrity sha512-RiCEMpMXDBeMDwjSrMpmcXDU6mibRMuOn7Wk7k3SlOfLEY3FQHO7S2m+K7teXYeaNlCLyjJMU+6BUUwlBCpLFw==
  dependencies:
    datatables.net "2.3.7"
    jquery ">=1.7"

datatables.net@2.3.7, datatables.net@^2.3.4:
  version "2.3.7"
  resolved "https://registry.npmjs.org/datatables.net/-/datatables.net-2.3.7.tgz"
  integrity sha512-AvsjG/Nkp6OxeyBKYZauemuzQCPogE1kOtKwG4sYjvdqGCSLiGaJagQwXv4YxG+ts5vaJr6qKGG9ec3g6vTo3w==
  dependencies:
    jquery ">=1.7"

eventemitter3@^5.0.1:
  version "5.0.4"
  resolved "https://registry.npmjs.org/eventemitter3/-/eventemitter3-5.0.4.tgz"
  integrity sha512-mlsTRyGaPBjPedk6Bvw+aqbsXDtoAyAzm5MO7JgU+yVRyMQ5O8bD4Kcci7BS85f93veegeCPkL8R4GLClnjLFw==

exifr@^7.0.0:
  version "7.1.3"
  resolved "https://registry.npmjs.org/exifr/-/exifr-7.1.3.tgz"
  integrity sha512-g/aje2noHivrRSLbAUtBPWFbxKdKhgj/xr1vATDdUXPOFYJlQ62Ft0oy+72V6XLIpDJfHs6gXLbBLAolqOXYRw==

get-form-data@^3.0.0:
  version "3.0.0"
  resolved "https://registry.npmjs.org/get-form-data/-/get-form-data-3.0.0.tgz"
  integrity sha512-1d53Kn08wlPuLu31/boF1tW2WRYKw3xAWae3mqcjqpDjoqVBtXolbQnudbbEFyFWL7+2SLGRAFdotxNY06V7MA==

graceful-fs@^4.2.4:
  version "4.2.11"
  resolved "https://registry.npmjs.org/graceful-fs/-/graceful-fs-4.2.11.tgz"
  integrity sha512-RbJ5/jmFcNNCcDV5o9eTnBLJ/HszWV0P73bc+Ff4nS/rJj+YaS6IGyiOL0VoBYX+l1Wrl3k63h/KrH+nhJ0XvQ==

is-blob@^2.1.0:
  version "2.1.0"
  resolved "https://registry.npmjs.org/is-blob/-/is-blob-2.1.0.tgz"
  integrity sha512-SZ/fTft5eUhQM6oF/ZaASFDEdbFVe89Imltn9uZr03wdKMcWNVYSMjQPFtg05QuNkt5l5c135ElvXEQG0rk4tw==

is-mobile@^4.0.0:
  version "4.0.0"
  resolved "https://registry.npmjs.org/is-mobile/-/is-mobile-4.0.0.tgz"
  integrity sha512-mlcHZA84t1qLSuWkt2v0I2l61PYdyQDt4aG1mLIXF5FDMm4+haBCxCPYSr/uwqQNRk1MiTizn0ypEuRAOLRAew==

is-network-error@^1.0.0:
  version "1.3.1"
  resolved "https://registry.npmjs.org/is-network-error/-/is-network-error-1.3.1.tgz"
  integrity sha512-6QCxa49rQbmUWLfk0nuGqzql9U8uaV2H6279bRErPBHe/109hCzsLUBUHfbEtvLIHBd6hyXbgedBSHevm43Edw==

is-stream@^2.0.0:
  version "2.0.1"
  resolved "https://registry.npmjs.org/is-stream/-/is-stream-2.0.1.tgz"
  integrity sha512-hFoiJiTl63nn+kstHGBtewWSKnQLpyb155KHheA1l39uvtO9nWIop1p3udqPcUd/xbF1VLMO4n7OI6p7RbngDg==

jquery-form@^4.3.0:
  version "4.3.0"
  resolved "https://registry.npmjs.org/jquery-form/-/jquery-form-4.3.0.tgz"
  integrity sha512-q3uaVCEWdLOYUCI6dpNdwf/7cJFOsUgdpq6r0taxtGQ5NJSkOzofyWm4jpOuJ5YxdmL1FI5QR+q+HB63HHLGnQ==
  dependencies:
    jquery ">=1.7.2"

jquery-mousewheel@>=3.0.6:
  version "3.2.2"
  resolved "https://registry.npmjs.org/jquery-mousewheel/-/jquery-mousewheel-3.2.2.tgz"
  integrity sha512-JP71xTAg08ZY3hcs9ZbYUZ5i+dkSsz4yRl/zpWkAmtzc+kMs5EfPkpkINSidiLYMaR0MTo3DfFGF9WIezMsFQQ==
  dependencies:
    jquery ">=1.2.6"

jquery-validation-unobtrusive@^4.0.0:
  version "4.0.0"
  resolved "https://registry.npmjs.org/jquery-validation-unobtrusive/-/jquery-validation-unobtrusive-4.0.0.tgz"
  integrity sha512-1ervYFFv6LX/rp7ktuLnMakHNG0piNRDyROI8Ir3hL1vPIwylAehB1AY3BPrYJnzW3WmwWryZq+Bz4sazZK9iQ==
  dependencies:
    jquery "^3.6.0"
    jquery-validation ">=1.19"

jquery-validation@>=1.19, jquery-validation@^1.21.0:
  version "1.22.1"
  resolved "https://registry.npmjs.org/jquery-validation/-/jquery-validation-1.22.1.tgz"
  integrity sha512-ePLXLWK7Rh5eR652YsuIu7YPeGlCXrsJUteVw5iZopiU17yaMd3FaDggs6yyNMl56p8TYVeDRmKGK3fPZrMeQw==

jquery@>=1.10, jquery@>=1.2.6, "jquery@>=1.5.0 <4.0", jquery@>=1.7, jquery@>=1.7.2, "jquery@>=3.4.0 <4.0.0", jquery@^3.6.0, jquery@~3.7.1:
  version "3.7.1"
  resolved "https://registry.npmjs.org/jquery/-/jquery-3.7.1.tgz"
  integrity sha512-m4avr8yL8kmFN8psrbFFFmB/If14iN5o9nw/NgnnM+kybDJpRsAynV2BsfpTYrTRysYUdADVD7CkUUizgkpLfg==

js-base64@^3.7.2:
  version "3.7.8"
  resolved "https://registry.npmjs.org/js-base64/-/js-base64-3.7.8.tgz"
  integrity sha512-hNngCeKxIUQiEUN3GPJOkz4wF/YvdUdbNL9hsBcMQTkKzboD7T/q3OYOuuPZLUE6dBxSGpwhk5mwuDud7JVAow==

just-compare@^2.3.0:
  version "2.3.0"
  resolved "https://registry.npmjs.org/just-compare/-/just-compare-2.3.0.tgz"
  integrity sha512-6shoR7HDT+fzfL3gBahx1jZG3hWLrhPAf+l7nCwahDdT9XDtosB9kIF0ZrzUp5QY8dJWfQVr5rnsPqsbvflDzg==

lodash._baseiteratee@~4.7.0:
  version "4.7.0"
  resolved "https://registry.npmjs.org/lodash._baseiteratee/-/lodash._baseiteratee-4.7.0.tgz"
  integrity sha512-nqB9M+wITz0BX/Q2xg6fQ8mLkyfF7MU7eE+MNBNjTHFKeKaZAPEzEg+E8LWxKWf1DQVflNEn9N49yAuqKh2mWQ==
  dependencies:
    lodash._stringtopath "~4.8.0"

lodash._basetostring@~4.12.0:
  version "4.12.0"
  resolved "https://registry.npmjs.org/lodash._basetostring/-/lodash._basetostring-4.12.0.tgz"
  integrity sha512-SwcRIbyxnN6CFEEK4K1y+zuApvWdpQdBHM/swxP962s8HIxPO3alBH5t3m/dl+f4CMUug6sJb7Pww8d13/9WSw==

lodash._baseuniq@~4.6.0:
  version "4.6.0"
  resolved "https://registry.npmjs.org/lodash._baseuniq/-/lodash._baseuniq-4.6.0.tgz"
  integrity sha512-Ja1YevpHZctlI5beLA7oc5KNDhGcPixFhcqSiORHNsp/1QTv7amAXzw+gu4YOvErqVlMVyIJGgtzeepCnnur0A==
  dependencies:
    lodash._createset "~4.0.0"
    lodash._root "~3.0.0"

lodash._createset@~4.0.0:
  version "4.0.3"
  resolved "https://registry.npmjs.org/lodash._createset/-/lodash._createset-4.0.3.tgz"
  integrity sha512-GTkC6YMprrJZCYU3zcqZj+jkXkrXzq3IPBcF/fIPpNEAB4hZEtXU8zp/RwKOvZl43NUmwDbyRk3+ZTbeRdEBXA==

lodash._root@~3.0.0:
  version "3.0.1"
  resolved "https://registry.npmjs.org/lodash._root/-/lodash._root-3.0.1.tgz"
  integrity sha512-O0pWuFSK6x4EXhM1dhZ8gchNtG7JMqBtrHdoUFUWXD7dJnNSUze1GuyQr5sOs0aCvgGeI3o/OJW8f4ca7FDxmQ==

lodash._stringtopath@~4.8.0:
  version "4.8.0"
  resolved "https://registry.npmjs.org/lodash._stringtopath/-/lodash._stringtopath-4.8.0.tgz"
  integrity sha512-SXL66C731p0xPDC5LZg4wI5H+dJo/EO4KTqOMwLYCH3+FmmfAKJEZCm6ohGpI+T1xwsDsJCfL4OnhorllvlTPQ==
  dependencies:
    lodash._basetostring "~4.12.0"

lodash.throttle@^4.1.1:
  version "4.1.1"
  resolved "https://registry.npmjs.org/lodash.throttle/-/lodash.throttle-4.1.1.tgz"
  integrity sha512-wIkUCfVKpVsWo3JSZlc+8MB5it+2AN5W8J7YVMST30UrvcQNZ1Okbj+rbVniijTWE6FGYy4XJq/rHkas8qJMLQ==

lodash.uniqby@4.5.0:
  version "4.5.0"
  resolved "https://registry.npmjs.org/lodash.uniqby/-/lodash.uniqby-4.5.0.tgz"
  integrity sha512-IRt7cfTtHy6f1aRVA5n7kT8rgN3N1nH6MOWLcHfpWG2SH19E3JksLK38MktLxZDhlAjCP9jpIXkOnRXlu6oByQ==
  dependencies:
    lodash._baseiteratee "~4.7.0"
    lodash._baseuniq "~4.6.0"

lodash@^4.17.21, lodash@^4.17.23:
  version "4.18.0"
  resolved "https://registry.npmjs.org/lodash/-/lodash-4.18.0.tgz"
  integrity sha512-LgVTMpQtIopCi79SJeDiP0TfWi5CNEc/L/aRdTh3yIvmZXTnheWpKjSZhnvMl8iXbC1tFg9gdHHDMLoV7CnG+w==

luxon@^3.7.2:
  version "3.7.2"
  resolved "https://registry.npmjs.org/luxon/-/luxon-3.7.2.tgz"
  integrity sha512-vtEhXh/gNjI9Yg1u4jX/0YVPMvxzHuGgCm6tC5kZyb08yjGWGnqAjGJvcXbqQR2P3MyMEFnRbpcdFS6PBcLqew==

malihu-custom-scrollbar-plugin@^3.1.5:
  version "3.1.5"
  resolved "https://registry.npmjs.org/malihu-custom-scrollbar-plugin/-/malihu-custom-scrollbar-plugin-3.1.5.tgz"
  integrity sha512-lwW3LgI+CNDMPnP4ED2la6oYxWMkCXlnhex+s2wuOLhFDFGnGmQuTQVdRK9bvDLpxs10sGlfErVufJy9ztfgJQ==
  dependencies:
    jquery-mousewheel ">=3.0.6"

mime-match@^1.0.2:
  version "1.0.2"
  resolved "https://registry.npmjs.org/mime-match/-/mime-match-1.0.2.tgz"
  integrity sha512-VXp/ugGDVh3eCLOBCiHZMYWQaTNUHv2IJrut+yXA6+JbLPXHglHwfS/5A5L0ll+jkCY7fIzRJcH6OIunF+c6Cg==
  dependencies:
    wildcard "^1.1.0"

moment@^2.30.1, moment@^2.9.0:
  version "2.30.1"
  resolved "https://registry.npmjs.org/moment/-/moment-2.30.1.tgz"
  integrity sha512-uEmtNhbDOrWPFS+hdjFCBfy9f2YoyzRpwcl+DqpC6taX21FzsTLQVbMV/W7PzNSX6x/bhC1zA3c2UQ5NzH6how==

namespace-emitter@^2.0.1:
  version "2.0.1"
  resolved "https://registry.npmjs.org/namespace-emitter/-/namespace-emitter-2.0.1.tgz"
  integrity sha512-N/sMKHniSDJBjfrkbS/tpkPj4RAbvW3mr8UAzvlMHyun93XEm83IAvhWtJVHo+RHn/oO8Job5YN4b+wRjSVp5g==

nanoid@^5.0.9:
  version "5.1.6"
  resolved "https://registry.npmjs.org/nanoid/-/nanoid-5.1.6.tgz"
  integrity sha512-c7+7RQ+dMB5dPwwCp4ee1/iV/q2P6aK1mTZcfr1BTuVlyW9hJYiMPybJCcnBlQtuSmTIWNeazm/zqNoZSSElBg==

p-queue@^8.0.0:
  version "8.1.1"
  resolved "https://registry.npmjs.org/p-queue/-/p-queue-8.1.1.tgz"
  integrity sha512-aNZ+VfjobsWryoiPnEApGGmf5WmNsCo9xu8dfaYamG5qaLP7ClhLN6NgsFe6SwJ2UbLEBK5dv9x8Mn5+RVhMWQ==
  dependencies:
    eventemitter3 "^5.0.1"
    p-timeout "^6.1.2"

p-retry@^6.1.0:
  version "6.2.1"
  resolved "https://registry.npmjs.org/p-retry/-/p-retry-6.2.1.tgz"
  integrity sha512-hEt02O4hUct5wtwg4H4KcWgDdm+l1bOaEy/hWzd8xtXB9BqxTWBBhb+2ImAtH4Cv4rPjV76xN3Zumqk3k3AhhQ==
  dependencies:
    "@types/retry" "0.12.2"
    is-network-error "^1.0.0"
    retry "^0.13.1"

p-timeout@^6.1.2:
  version "6.1.4"
  resolved "https://registry.npmjs.org/p-timeout/-/p-timeout-6.1.4.tgz"
  integrity sha512-MyIV3ZA/PmyBN/ud8vV9XzwTrNtR4jFrObymZYnZqMmW0zA8Z17vnT0rBgFE/TlohB+YCHqXMgZzb3Csp49vqg==

preact@^10.26.10, preact@^10.5.13:
  version "10.28.4"
  resolved "https://registry.npmjs.org/preact/-/preact-10.28.4.tgz"
  integrity sha512-uKFfOHWuSNpRFVTnljsCluEFq57OKT+0QdOiQo8XWnQ/pSvg7OpX5eNOejELXJMWy+BwM2nobz0FkvzmnpCNsQ==

promise-queue@^2.2.5:
  version "2.2.5"
  resolved "https://registry.npmjs.org/promise-queue/-/promise-queue-2.2.5.tgz"
  integrity sha512-p/iXrPSVfnqPft24ZdNNLECw/UrtLTpT3jpAAMzl/o5/rDsGCPo3/CQS2611flL6LkoEJ3oQZw7C8Q80ZISXRQ==

proper-lockfile@^4.1.2:
  version "4.1.2"
  resolved "https://registry.npmjs.org/proper-lockfile/-/proper-lockfile-4.1.2.tgz"
  integrity sha512-TjNPblN4BwAWMXU8s9AEz4JmQxnD1NNL7bNOY/AKUzyamc379FWASUhc/K1pL2noVb+XmZKLL68cjzLsiOAMaA==
  dependencies:
    graceful-fs "^4.2.4"
    retry "^0.12.0"
    signal-exit "^3.0.2"

querystringify@^2.1.1:
  version "2.2.0"
  resolved "https://registry.npmjs.org/querystringify/-/querystringify-2.2.0.tgz"
  integrity sha512-FIqgj2EUvTa7R50u0rGsyTftzjYmv/a3hO345bZNrqabNqjtgiDMgmo4mkUjd+nzU5oF3dClKqFIPUKybUyqoQ==

requires-port@^1.0.0:
  version "1.0.0"
  resolved "https://registry.npmjs.org/requires-port/-/requires-port-1.0.0.tgz"
  integrity sha512-KigOCHcocU3XODJxsu8i/j8T9tzT4adHiecwORRQ0ZZFcp7ahwXuRU1m+yuO90C5ZUyGeGfocHDI14M3L3yDAQ==

retry@^0.12.0:
  version "0.12.0"
  resolved "https://registry.npmjs.org/retry/-/retry-0.12.0.tgz"
  integrity sha512-9LkiTwjUh6rT555DtE9rTX+BKByPfrMzEAtnlEtdEwr3Nkffwiihqe2bWADg+OQRjt9gl6ICdmB/ZFDCGAtSow==

retry@^0.13.1:
  version "0.13.1"
  resolved "https://registry.npmjs.org/retry/-/retry-0.13.1.tgz"
  integrity sha512-XQBQ3I8W1Cge0Seh+6gjj03LbmRFWuoszgK9ooCpwYIrhhoO80pfq4cUkU5DkknwfOfFteRwlZ56PYOGYyFWdg==

select2@^4.0.13:
  version "4.0.13"
  resolved "https://registry.npmjs.org/select2/-/select2-4.0.13.tgz"
  integrity sha512-1JeB87s6oN/TDxQQYCvS5EFoQyvV6eYMZZ0AeA4tdFDYWN3BAGZ8npr17UBFddU0lgAt3H0yjX3X6/ekOj1yjw==

shallow-equal@^3.0.0:
  version "3.1.0"
  resolved "https://registry.npmjs.org/shallow-equal/-/shallow-equal-3.1.0.tgz"
  integrity sha512-pfVOw8QZIXpMbhBWvzBISicvToTiM5WBF1EeAUZDDSb5Dt29yl4AYbyywbJFSEsRUMr7gJaxqCdr4L3tQf9wVg==

signal-exit@^3.0.2:
  version "3.0.7"
  resolved "https://registry.npmjs.org/signal-exit/-/signal-exit-3.0.7.tgz"
  integrity sha512-wnD2ZE+l+SPC/uoS0vXeE9L1+0wuaMqKlfz9AMUo38JsyLSBWSFcHR1Rri62LZc12vLr1gb3jl7iwQhgwpAbGQ==

sweetalert2@^11.23.0:
  version "11.26.21"
  resolved "https://registry.npmjs.org/sweetalert2/-/sweetalert2-11.26.21.tgz"
  integrity sha512-apfAIHg5DOOnPqUIJc+aAsDplpfHliAnVl7zqLfhQiWaYDew46pg4ZZMLJhbVbjdOdMV+PKG5ulkKzNqvcSViQ==

timeago@^1.6.7:
  version "1.6.7"
  resolved "https://registry.npmjs.org/timeago/-/timeago-1.6.7.tgz"
  integrity sha512-FikcjN98+ij0siKH4VO4dZ358PR3oDDq4Vdl1+sN9gWz1/+JXGr3uZbUShYH/hL7bMhcTpPbplJU5Tej4b4jbQ==
  dependencies:
    jquery ">=1.5.0 <4.0"

tus-js-client@^4.2.3:
  version "4.3.1"
  resolved "https://registry.npmjs.org/tus-js-client/-/tus-js-client-4.3.1.tgz"
  integrity sha512-ZLeYmjrkaU1fUsKbIi8JML52uAocjEZtBx4DKjRrqzrZa0O4MYwT6db+oqePlspV+FxXJAyFBc/L5gwUi2OFsg==
  dependencies:
    buffer-from "^1.1.2"
    combine-errors "^3.0.3"
    is-stream "^2.0.0"
    js-base64 "^3.7.2"
    lodash.throttle "^4.1.1"
    proper-lockfile "^4.1.2"
    url-parse "^1.5.7"

uppy@^5.1.2:
  version "5.2.3"
  resolved "https://registry.npmjs.org/uppy/-/uppy-5.2.3.tgz"
  integrity sha512-YamGWeCkJDKCWTVtfOPB5R6sJqsBHMG4HMG9hPBhlVcA33ikgVSqNeOkyae0nGL+tJK4WE4nePh3B2/nHwTlnw==
  dependencies:
    "@uppy/audio" "3.1.0"
    "@uppy/aws-s3" "5.1.0"
    "@uppy/box" "4.1.0"
    "@uppy/companion-client" "5.1.1"
    "@uppy/compressor" "3.1.0"
    "@uppy/core" "5.2.0"
    "@uppy/dashboard" "5.1.1"
    "@uppy/drag-drop" "5.1.0"
    "@uppy/drop-target" "4.1.0"
    "@uppy/dropbox" "5.1.0"
    "@uppy/facebook" "5.1.0"
    "@uppy/form" "5.1.0"
    "@uppy/golden-retriever" "5.2.1"
    "@uppy/google-drive" "5.1.0"
    "@uppy/google-drive-picker" "1.1.1"
    "@uppy/google-photos-picker" "1.1.0"
    "@uppy/image-editor" "4.2.0"
    "@uppy/image-generator" "1.0.0"
    "@uppy/instagram" "5.1.0"
    "@uppy/locales" "5.1.1"
    "@uppy/onedrive" "5.1.0"
    "@uppy/provider-views" "5.2.2"
    "@uppy/remote-sources" "3.1.0"
    "@uppy/screen-capture" "5.1.0"
    "@uppy/status-bar" "5.1.0"
    "@uppy/store-default" "5.0.0"
    "@uppy/thumbnail-generator" "5.1.0"
    "@uppy/transloadit" "5.5.0"
    "@uppy/tus" "5.1.1"
    "@uppy/unsplash" "5.1.0"
    "@uppy/url" "5.1.0"
    "@uppy/webcam" "5.1.0"
    "@uppy/webdav" "1.1.1"
    "@uppy/xhr-upload" "5.1.1"
    "@uppy/zoom" "4.1.0"

url-parse@^1.5.7:
  version "1.5.10"
  resolved "https://registry.npmjs.org/url-parse/-/url-parse-1.5.10.tgz"
  integrity sha512-WypcfiRhfeUP9vvF0j6rw0J3hrWrw6iZv3+22h6iRMJ/8z1Tj6XfLP4DsUix5MhMPnXpiHDoKyoZ/bdCkwBCiQ==
  dependencies:
    querystringify "^2.1.1"
    requires-port "^1.0.0"

wildcard@^1.1.0:
  version "1.1.2"
  resolved "https://registry.npmjs.org/wildcard/-/wildcard-1.1.2.tgz"
  integrity sha512-DXukZJxpHA8LuotRwL0pP1+rS6CS7FF2qStDDE1C7DDg2rLud2PXRMuEDYIPhgEezwnlHNL4c+N6MfMTjCGTng==

zxcvbn@^4.4.2:
  version "4.4.2"
  resolved "https://registry.npmjs.org/zxcvbn/-/zxcvbn-4.4.2.tgz"
  integrity sha512-Bq0B+ixT/DMyG8kgX2xWcI5jUvCwqrMxSFam7m0lAf78nf04hv6lNCsyLYdyYTrCVMqNDY/206K7eExYCeSyUQ==
